// !$*UTF8*$!
{
	archiveVersion = 1;
	classes = {
	};
	objectVersion = 46;
	objects = {

/* Begin PBXBuildFile section */
		011A5E601C852AD00044B03B /* MajorArcanaCard.swift in Sources */ = {isa = PBXBuildFile; fileRef = 011A5E5F1C852ACF0044B03B /* MajorArcanaCard.swift */; };
		011A5EC81C8562820044B03B /* TarotUITests.swift in Sources */ = {isa = PBXBuildFile; fileRef = 011A5EC71C8562820044B03B /* TarotUITests.swift */; };
		014C3D0D1C926E3F00A73B38 /* DeckOfCards.swift in Sources */ = {isa = PBXBuildFile; fileRef = 014C3D0C1C926E3F00A73B38 /* DeckOfCards.swift */; };
		01999DC31C83AF8B00778D8E /* AppDelegate.swift in Sources */ = {isa = PBXBuildFile; fileRef = 01999DC21C83AF8B00778D8E /* AppDelegate.swift */; };
		01999DC51C83AF8B00778D8E /* ViewController.swift in Sources */ = {isa = PBXBuildFile; fileRef = 01999DC41C83AF8B00778D8E /* ViewController.swift */; };
		01999DC81C83AF8B00778D8E /* Main.storyboard in Resources */ = {isa = PBXBuildFile; fileRef = 01999DC61C83AF8B00778D8E /* Main.storyboard */; };
		01999DCA1C83AF8B00778D8E /* Assets.xcassets in Resources */ = {isa = PBXBuildFile; fileRef = 01999DC91C83AF8B00778D8E /* Assets.xcassets */; };
		01999DCD1C83AF8B00778D8E /* LaunchScreen.storyboard in Resources */ = {isa = PBXBuildFile; fileRef = 01999DCB1C83AF8B00778D8E /* LaunchScreen.storyboard */; };
		01999E041C83CD4B00778D8E /* Model.swift in Sources */ = {isa = PBXBuildFile; fileRef = 01999E031C83CD4B00778D8E /* Model.swift */; };
/* End PBXBuildFile section */

/* Begin PBXContainerItemProxy section */
		011A5ECA1C8562820044B03B /* PBXContainerItemProxy */ = {
			isa = PBXContainerItemProxy;
			containerPortal = 01999DB71C83AF8B00778D8E /* Project object */;
			proxyType = 1;
			remoteGlobalIDString = 01999DBE1C83AF8B00778D8E;
			remoteInfo = Tarot;
		};
/* End PBXContainerItemProxy section */

/* Begin PBXFileReference section */
		011A5E5F1C852ACF0044B03B /* MajorArcanaCard.swift */ = {isa = PBXFileReference; fileEncoding = 4; lastKnownFileType = sourcecode.swift; path = MajorArcanaCard.swift; sourceTree = "<group>"; };
		011A5EC51C8562820044B03B /* TarotUITests.xctest */ = {isa = PBXFileReference; explicitFileType = wrapper.cfbundle; includeInIndex = 0; path = TarotUITests.xctest; sourceTree = BUILT_PRODUCTS_DIR; };
		011A5EC71C8562820044B03B /* TarotUITests.swift */ = {isa = PBXFileReference; lastKnownFileType = sourcecode.swift; path = TarotUITests.swift; sourceTree = "<group>"; };
		011A5EC91C8562820044B03B /* Info.plist */ = {isa = PBXFileReference; lastKnownFileType = text.plist.xml; path = Info.plist; sourceTree = "<group>"; };
		014C3D0C1C926E3F00A73B38 /* DeckOfCards.swift */ = {isa = PBXFileReference; fileEncoding = 4; lastKnownFileType = sourcecode.swift; path = DeckOfCards.swift; sourceTree = "<group>"; };
		01999DBF1C83AF8B00778D8E /* Tarot.app */ = {isa = PBXFileReference; explicitFileType = wrapper.application; includeInIndex = 0; path = Tarot.app; sourceTree = BUILT_PRODUCTS_DIR; };
		01999DC21C83AF8B00778D8E /* AppDelegate.swift */ = {isa = PBXFileReference; lastKnownFileType = sourcecode.swift; path = AppDelegate.swift; sourceTree = "<group>"; };
		01999DC41C83AF8B00778D8E /* ViewController.swift */ = {isa = PBXFileReference; lastKnownFileType = sourcecode.swift; path = ViewController.swift; sourceTree = "<group>"; };
		01999DC71C83AF8B00778D8E /* Base */ = {isa = PBXFileReference; lastKnownFileType = file.storyboard; name = Base; path = Base.lproj/Main.storyboard; sourceTree = "<group>"; };
		01999DC91C83AF8B00778D8E /* Assets.xcassets */ = {isa = PBXFileReference; lastKnownFileType = folder.assetcatalog; path = Assets.xcassets; sourceTree = "<group>"; };
		01999DCC1C83AF8B00778D8E /* Base */ = {isa = PBXFileReference; lastKnownFileType = file.storyboard; name = Base; path = Base.lproj/LaunchScreen.storyboard; sourceTree = "<group>"; };
		01999DCE1C83AF8B00778D8E /* Info.plist */ = {isa = PBXFileReference; lastKnownFileType = text.plist.xml; path = Info.plist; sourceTree = "<group>"; };
		01999E031C83CD4B00778D8E /* Model.swift */ = {isa = PBXFileReference; fileEncoding = 4; lastKnownFileType = sourcecode.swift; path = Model.swift; sourceTree = "<group>"; };
/* End PBXFileReference section */

/* Begin PBXFrameworksBuildPhase section */
		011A5EC21C8562820044B03B /* Frameworks */ = {
			isa = PBXFrameworksBuildPhase;
			buildActionMask = 2147483647;
			files = (
			);
			runOnlyForDeploymentPostprocessing = 0;
		};
		01999DBC1C83AF8B00778D8E /* Frameworks */ = {
			isa = PBXFrameworksBuildPhase;
			buildActionMask = 2147483647;
			files = (
			);
			runOnlyForDeploymentPostprocessing = 0;
		};
/* End PBXFrameworksBuildPhase section */

/* Begin PBXGroup section */
		011A5EC61C8562820044B03B /* TarotUITests */ = {
			isa = PBXGroup;
			children = (
				011A5EC71C8562820044B03B /* TarotUITests.swift */,
				011A5EC91C8562820044B03B /* Info.plist */,
			);
			path = TarotUITests;
			sourceTree = "<group>";
		};
		01999DB61C83AF8B00778D8E = {
			isa = PBXGroup;
			children = (
				01999DC11C83AF8B00778D8E /* Tarot */,
				011A5EC61C8562820044B03B /* TarotUITests */,
				01999DC01C83AF8B00778D8E /* Products */,
			);
			sourceTree = "<group>";
		};
		01999DC01C83AF8B00778D8E /* Products */ = {
			isa = PBXGroup;
			children = (
				01999DBF1C83AF8B00778D8E /* Tarot.app */,
				011A5EC51C8562820044B03B /* TarotUITests.xctest */,
			);
			name = Products;
			sourceTree = "<group>";
		};
		01999DC11C83AF8B00778D8E /* Tarot */ = {
			isa = PBXGroup;
			children = (
				01999E051C83CF9A00778D8E /* Controller */,
				01999E021C83CCEC00778D8E /* Model */,
				01999DC21C83AF8B00778D8E /* AppDelegate.swift */,
				01999DC61C83AF8B00778D8E /* Main.storyboard */,
				01999DC91C83AF8B00778D8E /* Assets.xcassets */,
				01999DCB1C83AF8B00778D8E /* LaunchScreen.storyboard */,
				01999DCE1C83AF8B00778D8E /* Info.plist */,
			);
			path = Tarot;
			sourceTree = "<group>";
		};
		01999E021C83CCEC00778D8E /* Model */ = {
			isa = PBXGroup;
			children = (
				01999E031C83CD4B00778D8E /* Model.swift */,
				011A5E5F1C852ACF0044B03B /* MajorArcanaCard.swift */,
				014C3D0C1C926E3F00A73B38 /* DeckOfCards.swift */,
			);
			name = Model;
			sourceTree = "<group>";
		};
		01999E051C83CF9A00778D8E /* Controller */ = {
			isa = PBXGroup;
			children = (
				01999DC41C83AF8B00778D8E /* ViewController.swift */,
			);
			name = Controller;
			sourceTree = "<group>";
		};
/* End PBXGroup section */

/* Begin PBXNativeTarget section */
		011A5EC41C8562820044B03B /* TarotUITests */ = {
			isa = PBXNativeTarget;
			buildConfigurationList = 011A5ECC1C8562820044B03B /* Build configuration list for PBXNativeTarget "TarotUITests" */;
			buildPhases = (
				011A5EC11C8562820044B03B /* Sources */,
				011A5EC21C8562820044B03B /* Frameworks */,
				011A5EC31C8562820044B03B /* Resources */,
			);
			buildRules = (
			);
			dependencies = (
				011A5ECB1C8562820044B03B /* PBXTargetDependency */,
			);
			name = TarotUITests;
			productName = TarotUITests;
			productReference = 011A5EC51C8562820044B03B /* TarotUITests.xctest */;
			productType = "com.apple.product-type.bundle.ui-testing";
		};
		01999DBE1C83AF8B00778D8E /* Tarot */ = {
			isa = PBXNativeTarget;
			buildConfigurationList = 01999DD11C83AF8B00778D8E /* Build configuration list for PBXNativeTarget "Tarot" */;
			buildPhases = (
				01999DBB1C83AF8B00778D8E /* Sources */,
				01999DBC1C83AF8B00778D8E /* Frameworks */,
				01999DBD1C83AF8B00778D8E /* Resources */,
			);
			buildRules = (
			);
			dependencies = (
			);
			name = Tarot;
			productName = Tarot;
			productReference = 01999DBF1C83AF8B00778D8E /* Tarot.app */;
			productType = "com.apple.product-type.application";
		};
/* End PBXNativeTarget section */

/* Begin PBXProject section */
		01999DB71C83AF8B00778D8E /* Project object */ = {
			isa = PBXProject;
			attributes = {
				LastSwiftUpdateCheck = 0720;
				LastUpgradeCheck = 0720;
				ORGANIZATIONNAME = RMIT;
				TargetAttributes = {
					011A5EC41C8562820044B03B = {
						CreatedOnToolsVersion = 7.2;
						TestTargetID = 01999DBE1C83AF8B00778D8E;
					};
					01999DBE1C83AF8B00778D8E = {
						CreatedOnToolsVersion = 7.2;
					};
				};
			};
			buildConfigurationList = 01999DBA1C83AF8B00778D8E /* Build configuration list for PBXProject "Tarot" */;
			compatibilityVersion = "Xcode 3.2";
			developmentRegion = English;
			hasScannedForEncodings = 0;
			knownRegions = (
				en,
				Base,
			);
			mainGroup = 01999DB61C83AF8B00778D8E;
			productRefGroup = 01999DC01C83AF8B00778D8E /* Products */;
			projectDirPath = "";
			projectRoot = "";
			targets = (
				01999DBE1C83AF8B00778D8E /* Tarot */,
				011A5EC41C8562820044B03B /* TarotUITests */,
			);
		};
/* End PBXProject section */

/* Begin PBXResourcesBuildPhase section */
		011A5EC31C8562820044B03B /* Resources */ = {
			isa = PBXResourcesBuildPhase;
			buildActionMask = 2147483647;
			files = (
			);
			runOnlyForDeploymentPostprocessing = 0;
		};
		01999DBD1C83AF8B00778D8E /* Resources */ = {
			isa = PBXResourcesBuildPhase;
			buildActionMask = 2147483647;
			files = (
				01999DCD1C83AF8B00778D8E /* LaunchScreen.storyboard in Resources */,
				01999DCA1C83AF8B00778D8E /* Assets.xcassets in Resources */,
				01999DC81C83AF8B00778D8E /* Main.storyboard in Resources */,
			);
			runOnlyForDeploymentPostprocessing = 0;
		};
/* End PBXResourcesBuildPhase section */

/* Begin PBXSourcesBuildPhase section */
		011A5EC11C8562820044B03B /* Sources */ = {
			isa = PBXSourcesBuildPhase;
			buildActionMask = 2147483647;
			files = (
				011A5EC81C8562820044B03B /* TarotUITests.swift in Sources */,
			);
			runOnlyForDeploymentPostprocessing = 0;
		};
		01999DBB1C83AF8B00778D8E /* Sources */ = {
			isa = PBXSourcesBuildPhase;
			buildActionMask = 2147483647;
			files = (
				014C3D0D1C926E3F00A73B38 /* DeckOfCards.swift in Sources */,
				01999E041C83CD4B00778D8E /* Model.swift in Sources */,
				011A5E601C852AD00044B03B /* MajorArcanaCard.swift in Sources */,
				01999DC51C83AF8B00778D8E /* ViewController.swift in Sources */,
				01999DC31C83AF8B00778D8E /* AppDelegate.swift in Sources */,
			);
			runOnlyForDeploymentPostprocessing = 0;
		};
/* End PBXSourcesBuildPhase section */

/* Begin PBXTargetDependency section */
		011A5ECB1C8562820044B03B /* PBXTargetDependency */ = {
			isa = PBXTargetDependency;
			target = 01999DBE1C83AF8B00778D8E /* Tarot */;
			targetProxy = 011A5ECA1C8562820044B03B /* PBXContainerItemProxy */;
		};
/* End PBXTargetDependency section */

/* Begin PBXVariantGroup section */
		01999DC61C83AF8B00778D8E /* Main.storyboard */ = {
			isa = PBXVariantGroup;
			children = (
				01999DC71C83AF8B00778D8E /* Base */,
			);
			name = Main.storyboard;
			sourceTree = "<group>";
		};
		01999DCB1C83AF8B00778D8E /* LaunchScreen.storyboard */ = {
			isa = PBXVariantGroup;
			children = (
				01999DCC1C83AF8B00778D8E /* Base */,
			);
			name = LaunchScreen.storyboard;
			sourceTree = "<group>";
		};
/* End PBXVariantGroup section */

/* Begin XCBuildConfiguration section */
		011A5ECD1C8562820044B03B /* Debug */ = {
			isa = XCBuildConfiguration;
			buildSettings = {
				INFOPLIST_FILE = TarotUITests/Info.plist;
				LD_RUNPATH_SEARCH_PATHS = "$(inherited) @executable_path/Frameworks @loader_path/Frameworks";
				PRODUCT_BUNDLE_IDENTIFIER = au.edu.rmit.s123456.TarotUITests;
				PRODUCT_NAME = "$(TARGET_NAME)";
				TEST_TARGET_NAME = Tarot;
				USES_XCTRUNNER = YES;
			};
			name = Debug;
		};
		011A5ECE1C8562820044B03B /* Release */ = {
			isa = XCBuildConfiguration;
			buildSettings = {
				INFOPLIST_FILE = TarotUITests/Info.plist;
				LD_RUNPATH_SEARCH_PATHS = "$(inherited) @executable_path/Frameworks @loader_path/Frameworks";
				PRODUCT_BUNDLE_IDENTIFIER = au.edu.rmit.s123456.TarotUITests;
				PRODUCT_NAME = "$(TARGET_NAME)";
				TEST_TARGET_NAME = Tarot;
				USES_XCTRUNNER = YES;
			};
			name = Release;
		};
		01999DCF1C83AF8B00778D8E /* Debug */ = {
			isa = XCBuildConfiguration;
			buildSettings = {
				ALWAYS_SEARCH_USER_PATHS = NO;
				CLANG_CXX_LANGUAGE_STANDARD = "gnu++0x";
				CLANG_CXX_LIBRARY = "libc++";
				CLANG_ENABLE_MODULES = YES;
				CLANG_ENABLE_OBJC_ARC = YES;
				CLANG_WARN_BOOL_CONVERSION = YES;
				CLANG_WARN_CONSTANT_CONVERSION = YES;
				CLANG_WARN_DIRECT_OBJC_ISA_USAGE = YES_ERROR;
				CLANG_WARN_EMPTY_BODY = YES;
				CLANG_WARN_ENUM_CONVERSION = YES;
				CLANG_WARN_INT_CONVERSION = YES;
				CLANG_WARN_OBJC_ROOT_CLASS = YES_ERROR;
				CLANG_WARN_UNREACHABLE_CODE = YES;
				CLANG_WARN__DUPLICATE_METHOD_MATCH = YES;
				"CODE_SIGN_IDENTITY[sdk=iphoneos*]" = "iPhone Developer";
				COPY_PHASE_STRIP = NO;
				DEBUG_INFORMATION_FORMAT = dwarf;
				ENABLE_STRICT_OBJC_MSGSEND = YES;
				ENABLE_TESTABILITY = YES;
				GCC_C_LANGUAGE_STANDARD = gnu99;
				GCC_DYNAMIC_NO_PIC = NO;
				GCC_NO_COMMON_BLOCKS = YES;
				GCC_OPTIMIZATION_LEVEL = 0;
				GCC_PREPROCESSOR_DEFINITIONS = (
					"DEBUG=1",
					"$(inherited)",
				);
				GCC_WARN_64_TO_32_BIT_CONVERSION = YES;
				GCC_WARN_ABOUT_RETURN_TYPE = YES_ERROR;
				GCC_WARN_UNDECLARED_SELECTOR = YES;
				GCC_WARN_UNINITIALIZED_AUTOS = YES_AGGRESSIVE;
				GCC_WARN_UNUSED_FUNCTION = YES;
				GCC_WARN_UNUSED_VARIABLE = YES;
				IPHONEOS_DEPLOYMENT_TARGET = 9.2;
				MTL_ENABLE_DEBUG_INFO = YES;
				ONLY_ACTIVE_ARCH = YES;
				SDKROOT = iphoneos;
				SWIFT_OPTIMIZATION_LEVEL = "-Onone";
				TARGETED_DEVICE_FAMILY = "1,2";
			};
			name = Debug;
		};
		01999DD01C83AF8B00778D8E /* Release */ = {
			isa = XCBuildConfiguration;
			buildSettings = {
				ALWAYS_SEARCH_USER_PATHS = NO;
				CLANG_CXX_LANGUAGE_STANDARD = "gnu++0x";
				CLANG_CXX_LIBRARY = "libc++";
				CLANG_ENABLE_MODULES = YES;
				CLANG_ENABLE_OBJC_ARC = YES;
				CLANG_WARN_BOOL_CONVERSION = YES;
				CLANG_WARN_CONSTANT_CONVERSION = YES;
				CLANG_WARN_DIRECT_OBJC_ISA_USAGE = YES_ERROR;
				CLANG_WARN_EMPTY_BODY = YES;
				CLANG_WARN_ENUM_CONVERSION = YES;
				CLANG_WARN_INT_CONVERSION = YES;
				CLANG_WARN_OBJC_ROOT_CLASS = YES_ERROR;
				CLANG_WARN_UNREACHABLE_CODE = YES;
				CLANG_WARN__DUPLICATE_METHOD_MATCH = YES;
				"CODE_SIGN_IDENTITY[sdk=iphoneos*]" = "iPhone Developer";
				COPY_PHASE_STRIP = NO;
				DEBUG_INFORMATION_FORMAT = "dwarf-with-dsym";
				ENABLE_NS_ASSERTIONS = NO;
				ENABLE_STRICT_OBJC_MSGSEND = YES;
				GCC_C_LANGUAGE_STANDARD = gnu99;
				GCC_NO_COMMON_BLOCKS = YES;
				GCC_WARN_64_TO_32_BIT_CONVERSION = YES;
				GCC_WARN_ABOUT_RETURN_TYPE = YES_ERROR;
				GCC_WARN_UNDECLARED_SELECTOR = YES;
				GCC_WARN_UNINITIALIZED_AUTOS = YES_AGGRESSIVE;
				GCC_WARN_UNUSED_FUNCTION = YES;
				GCC_WARN_UNUSED_VARIABLE = YES;
				IPHONEOS_DEPLOYMENT_TARGET = 9.2;
				MTL_ENABLE_DEBUG_INFO = NO;
				SDKROOT = iphoneos;
				TARGETED_DEVICE_FAMILY = "1,2";
				VALIDATE_PRODUCT = YES;
			};
			name = Release;
		};
		01999DD21C83AF8B00778D8E /* Debug */ = {
			isa = XCBuildConfiguration;
			buildSettings = {
				ASSETCATALOG_COMPILER_APPICON_NAME = AppIcon;
				INFOPLIST_FILE = Tarot/Info.plist;
				LD_RUNPATH_SEARCH_PATHS = "$(inherited) @executable_path/Frameworks";
				PRODUCT_BUNDLE_IDENTIFIER = au.edu.rmit.s123456.Tarot;
				PRODUCT_NAME = "$(TARGET_NAME)";
			};
			name = Debug;
		};
		01999DD31C83AF8B00778D8E /* Release */ = {
			isa = XCBuildConfiguration;
			buildSettings = {
				ASSETCATALOG_COMPILER_APPICON_NAME = AppIcon;
				INFOPLIST_FILE = Tarot/Info.plist;
				LD_RUNPATH_SEARCH_PATHS = "$(inherited) @executable_path/Frameworks";
				PRODUCT_BUNDLE_IDENTIFIER = au.edu.rmit.s123456.Tarot;
				PRODUCT_NAME = "$(TARGET_NAME)";
			};
			name = Release;
		};
/* End XCBuildConfiguration section */

/* Begin XCConfigurationList section */
		011A5ECC1C8562820044B03B /* Build configuration list for PBXNativeTarget "TarotUITests" */ = {
			isa = XCConfigurationList;
			buildConfigurations = (
				011A5ECD1C8562820044B03B /* Debug */,
				011A5ECE1C8562820044B03B /* Release */,
			);
			defaultConfigurationIsVisible = 0;
			defaultConfigurationName = Release;
		};
		01999DBA1C83AF8B00778D8E /* Build configuration list for PBXProject "Tarot" */ = {
			isa = XCConfigurationList;
			buildConfigurations = (
				01999DCF1C83AF8B00778D8E /* Debug */,
				01999DD01C83AF8B00778D8E /* Release */,
			);
			defaultConfigurationIsVisible = 0;
			defaultConfigurationName = Release;
		};
		01999DD11C83AF8B00778D8E /* Build configuration list for PBXNativeTarget "Tarot" */ = {
			isa = XCConfigurationList;
			buildConfigurations = (
				01999DD21C83AF8B00778D8E /* Debug */,
				01999DD31C83AF8B00778D8E /* Release */,
			);
			defaultConfigurationIsVisible = 0;
			defaultConfigurationName = Release;
		};
/* End XCConfigurationList section */
	};
	rootObject = 01999DB71C83AF8B00778D8E /* Project object */;
}
